
Microsoft Visual Studio Solution File, Format Version 12.00
# Visual Studio Version 16
VisualStudioVersion = 16.0.31112.23
MinimumVisualStudioVersion = 10.0.40219.1
Project("{FAE04EC0-301F-11D3-BF4B-00C04F79EFBC}") = "FBTarjeta", "FBTarjeta\FBTarjeta.csproj", "{63C07019-A075-4FB3-AD5C-68AF98E95DD0}"
EndProject
Global
	GlobalSection(SolutionConfigurationPlatforms) = preSolution
		Debug|Any CPU = Debug|Any CPU
		Release|Any CPU = Release|Any CPU
	EndGlobalSection
	GlobalSection(ProjectConfigurationPlatforms) = postSolution
		{63C07019-A075-4FB3-AD5C-68AF98E95DD0}.Debug|Any CPU.ActiveCfg = Debug|Any CPU
		{63C07019-A075-4FB3-AD5C-68AF98E95DD0}.Debug|Any CPU.Build.0 = Debug|Any CPU
		{63C07019-A075-4FB3-AD5C-68AF98E95DD0}.Release|Any CPU.ActiveCfg = Release|Any CPU
		{63C07019-A075-4FB3-AD5C-68AF98E95DD0}.Release|Any CPU.Build.0 = Release|Any CPU
	EndGlobalSection
	GlobalSection(SolutionProperties) = preSolution
		HideSolutionNode = FALSE
	EndGlobalSection
	GlobalSection(ExtensibilityGlobals) = postSolution
		SolutionGuid = {503BBB2B-9C5D-46FA-B224-17DF63B804EF}
	EndGlobalSection
EndGlobal
